
Microsoft Visual Studio Solution File, Format Version 12.00
# Visual Studio Version 17
VisualStudioVersion = 17.11.35327.3
MinimumVisualStudioVersion = 10.0.40219.1
Project("{FAE04EC0-301F-11D3-BF4B-00C04F79EFBC}") = "ToonInkomen", "ToonInkomen\ToonInkomen.csproj", "{39948CDB-6B86-48D2-9E13-139168127275}"
EndProject
Global
	GlobalSection(SolutionConfigurationPlatforms) = preSolution
		Debug|Any CPU = Debug|Any CPU
		Release|Any CPU = Release|Any CPU
	EndGlobalSection
	GlobalSection(ProjectConfigurationPlatforms) = postSolution
		{39948CDB-6B86-48D2-9E13-139168127275}.Debug|Any CPU.ActiveCfg = Debug|Any CPU
		{39948CDB-6B86-48D2-9E13-139168127275}.Debug|Any CPU.Build.0 = Debug|Any CPU
		{39948CDB-6B86-48D2-9E13-139168127275}.Release|Any CPU.ActiveCfg = Release|Any CPU
		{39948CDB-6B86-48D2-9E13-139168127275}.Release|Any CPU.Build.0 = Release|Any CPU
	EndGlobalSection
	GlobalSection(SolutionProperties) = preSolution
		HideSolutionNode = FALSE
	EndGlobalSection
	GlobalSection(ExtensibilityGlobals) = postSolution
		SolutionGuid = {2D0FCC51-3A9E-46DA-A6F6-147A4DAB87CC}
	EndGlobalSection
EndGlobal
