
Microsoft Visual Studio Solution File, Format Version 12.00
# Visual Studio Version 17
VisualStudioVersion = 17.11.35303.130
MinimumVisualStudioVersion = 10.0.40219.1
Project("{FAE04EC0-301F-11D3-BF4B-00C04F79EFBC}") = "WpfMethodesDemo", "WpfMethodesDemo\WpfMethodesDemo.csproj", "{0BE4ACC9-722A-4922-BB3E-E69CBD5AECA8}"
EndProject
Global
	GlobalSection(SolutionConfigurationPlatforms) = preSolution
		Debug|Any CPU = Debug|Any CPU
		Release|Any CPU = Release|Any CPU
	EndGlobalSection
	GlobalSection(ProjectConfigurationPlatforms) = postSolution
		{0BE4ACC9-722A-4922-BB3E-E69CBD5AECA8}.Debug|Any CPU.ActiveCfg = Debug|Any CPU
		{0BE4ACC9-722A-4922-BB3E-E69CBD5AECA8}.Debug|Any CPU.Build.0 = Debug|Any CPU
		{0BE4ACC9-722A-4922-BB3E-E69CBD5AECA8}.Release|Any CPU.ActiveCfg = Release|Any CPU
		{0BE4ACC9-722A-4922-BB3E-E69CBD5AECA8}.Release|Any CPU.Build.0 = Release|Any CPU
	EndGlobalSection
	GlobalSection(SolutionProperties) = preSolution
		HideSolutionNode = FALSE
	EndGlobalSection
	GlobalSection(ExtensibilityGlobals) = postSolution
		SolutionGuid = {9462FE92-D401-49CC-9ACA-80740C2408EC}
	EndGlobalSection
EndGlobal
